<Solution>
  <Folder Name="/src/">
    <Project Path="src/Vaguei.Application/Vaguei.Application.csproj" />
    <Project Path="src/Vaguei.Cli/Vaguei.Cli.csproj" />
    <Project Path="src/Vaguei.Collectors/Vaguei.Collectors.csproj" />
    <Project Path="src/Vaguei.Domain/Vaguei.Domain.csproj" />
    <Project Path="src/Vaguei.Desktop/Vaguei.Desktop.csproj" />
    <Project Path="src/Vaguei.Infrastructure/Vaguei.Infrastructure.csproj" />
    <Project Path="src/Vaguei.ResumeParser/Vaguei.ResumeParser.csproj" />
  </Folder>
  <Folder Name="/tests/">
    <Project Path="tests/Vaguei.Tests/Vaguei.Tests.csproj" />
  </Folder>
</Solution>
